
Microsoft Visual Studio Solution File, Format Version 12.00
# Visual Studio Version 16
VisualStudioVersion = 16.0.32002.261
MinimumVisualStudioVersion = 10.0.40219.1
Project("{FAE04EC0-301F-11D3-BF4B-00C04F79EFBC}") = "Raider Engine", "Raider Engine.csproj", "{AAD36406-A585-4A24-B6C3-A84F2EE92372}"
EndProject
Global
	GlobalSection(SolutionConfigurationPlatforms) = preSolution
		Debug|Any CPU = Debug|Any CPU
		Release|Any CPU = Release|Any CPU
	EndGlobalSection
	GlobalSection(ProjectConfigurationPlatforms) = postSolution
		{AAD36406-A585-4A24-B6C3-A84F2EE92372}.Debug|Any CPU.ActiveCfg = Debug|Any CPU
		{AAD36406-A585-4A24-B6C3-A84F2EE92372}.Debug|Any CPU.Build.0 = Debug|Any CPU
		{AAD36406-A585-4A24-B6C3-A84F2EE92372}.Release|Any CPU.ActiveCfg = Release|Any CPU
		{AAD36406-A585-4A24-B6C3-A84F2EE92372}.Release|Any CPU.Build.0 = Release|Any CPU
	EndGlobalSection
	GlobalSection(SolutionProperties) = preSolution
		HideSolutionNode = FALSE
	EndGlobalSection
	GlobalSection(ExtensibilityGlobals) = postSolution
		SolutionGuid = {5673A012-D24A-47E6-8A9B-BF95FBE13448}
	EndGlobalSection
EndGlobal
